
Microsoft Visual Studio Solution File, Format Version 12.00
# Visual Studio Version 16
VisualStudioVersion = 16.0.31129.286
MinimumVisualStudioVersion = 10.0.40219.1
Project("{8BC9CEB8-8B4A-11D0-8D11-00A0C91BC942}") = "(0) 1 printed n times", "(0) 1 printed n times\(0) 1 printed n times.vcxproj", "{4C0D4BA2-F492-405B-8C1D-876BA47BED5E}"
EndProject
Project("{8BC9CEB8-8B4A-11D0-8D11-00A0C91BC942}") = "(1) sum of numbers divided by 9", "(1) sum of numbers divided by 9\(1) sum of numbers divided by 9.vcxproj", "{2213A135-A5AF-4B53-BC36-D5BE97B207ED}"
EndProject
Project("{8BC9CEB8-8B4A-11D0-8D11-00A0C91BC942}") = "(2) palindrome", "(2) palindrome\(2) palindrome.vcxproj", "{B834591E-82A1-4DF2-B632-02B431FA87B1}"
EndProject
Project("{8BC9CEB8-8B4A-11D0-8D11-00A0C91BC942}") = "(3) reverse int", "(3) reverse int\(3) reverse int.vcxproj", "{0EE6AC94-4F8F-4DD8-8666-354F0D0CAF09}"
EndProject
Project("{8BC9CEB8-8B4A-11D0-8D11-00A0C91BC942}") = "(7) x y in circle", "(7) x y in circle\(7) x y in circle.vcxproj", "{3C336415-850D-40C9-87E3-2AB57FD8F07C}"
EndProject
Project("{8BC9CEB8-8B4A-11D0-8D11-00A0C91BC942}") = "(8) half filled square", "(8) half filled square\(8) half filled square.vcxproj", "{FD25D338-D8B2-480D-927C-46A59C51C258}"
EndProject
Project("{8BC9CEB8-8B4A-11D0-8D11-00A0C91BC942}") = "(4) first and last digit equal", "(4) first and last digit equal\(4) first and last digit equal.vcxproj", "{D9E9B5DA-5E5E-45B7-AD8B-3CD996E56F19}"
EndProject
Project("{8BC9CEB8-8B4A-11D0-8D11-00A0C91BC942}") = "(5) all prime factors", "(5) all prime factors\(5) all prime factors.vcxproj", "{238F6834-93C5-489A-AAD5-DFF8E5F485EC}"
EndProject
Project("{8BC9CEB8-8B4A-11D0-8D11-00A0C91BC942}") = "(6) fulfill condition", "(6) fulfill condition\(6) fulfill condition.vcxproj", "{5FD5D276-8CDD-40FD-92D0-5F5FEB622BDC}"
EndProject
Global
	GlobalSection(SolutionConfigurationPlatforms) = preSolution
		Debug|x64 = Debug|x64
		Debug|x86 = Debug|x86
		Release|x64 = Release|x64
		Release|x86 = Release|x86
	EndGlobalSection
	GlobalSection(ProjectConfigurationPlatforms) = postSolution
		{4C0D4BA2-F492-405B-8C1D-876BA47BED5E}.Debug|x64.ActiveCfg = Debug|x64
		{4C0D4BA2-F492-405B-8C1D-876BA47BED5E}.Debug|x64.Build.0 = Debug|x64
		{4C0D4BA2-F492-405B-8C1D-876BA47BED5E}.Debug|x86.ActiveCfg = Debug|Win32
		{4C0D4BA2-F492-405B-8C1D-876BA47BED5E}.Debug|x86.Build.0 = Debug|Win32
		{4C0D4BA2-F492-405B-8C1D-876BA47BED5E}.Release|x64.ActiveCfg = Release|x64
		{4C0D4BA2-F492-405B-8C1D-876BA47BED5E}.Release|x64.Build.0 = Release|x64
		{4C0D4BA2-F492-405B-8C1D-876BA47BED5E}.Release|x86.ActiveCfg = Release|Win32
		{4C0D4BA2-F492-405B-8C1D-876BA47BED5E}.Release|x86.Build.0 = Release|Win32
		{2213A135-A5AF-4B53-BC36-D5BE97B207ED}.Debug|x64.ActiveCfg = Debug|x64
		{2213A135-A5AF-4B53-BC36-D5BE97B207ED}.Debug|x64.Build.0 = Debug|x64
		{2213A135-A5AF-4B53-BC36-D5BE97B207ED}.Debug|x86.ActiveCfg = Debug|Win32
		{2213A135-A5AF-4B53-BC36-D5BE97B207ED}.Debug|x86.Build.0 = Debug|Win32
		{2213A135-A5AF-4B53-BC36-D5BE97B207ED}.Release|x64.ActiveCfg = Release|x64
		{2213A135-A5AF-4B53-BC36-D5BE97B207ED}.Release|x64.Build.0 = Release|x64
		{2213A135-A5AF-4B53-BC36-D5BE97B207ED}.Release|x86.ActiveCfg = Release|Win32
		{2213A135-A5AF-4B53-BC36-D5BE97B207ED}.Release|x86.Build.0 = Release|Win32
		{B834591E-82A1-4DF2-B632-02B431FA87B1}.Debug|x64.ActiveCfg = Debug|x64
		{B834591E-82A1-4DF2-B632-02B431FA87B1}.Debug|x64.Build.0 = Debug|x64
		{B834591E-82A1-4DF2-B632-02B431FA87B1}.Debug|x86.ActiveCfg = Debug|Win32
		{B834591E-82A1-4DF2-B632-02B431FA87B1}.Debug|x86.Build.0 = Debug|Win32
		{B834591E-82A1-4DF2-B632-02B431FA87B1}.Release|x64.ActiveCfg = Release|x64
		{B834591E-82A1-4DF2-B632-02B431FA87B1}.Release|x64.Build.0 = Release|x64
		{B834591E-82A1-4DF2-B632-02B431FA87B1}.Release|x86.ActiveCfg = Release|Win32
		{B834591E-82A1-4DF2-B632-02B431FA87B1}.Release|x86.Build.0 = Release|Win32
		{0EE6AC94-4F8F-4DD8-8666-354F0D0CAF09}.Debug|x64.ActiveCfg = Debug|x64
		{0EE6AC94-4F8F-4DD8-8666-354F0D0CAF09}.Debug|x64.Build.0 = Debug|x64
		{0EE6AC94-4F8F-4DD8-8666-354F0D0CAF09}.Debug|x86.ActiveCfg = Debug|Win32
		{0EE6AC94-4F8F-4DD8-8666-354F0D0CAF09}.Debug|x86.Build.0 = Debug|Win32
		{0EE6AC94-4F8F-4DD8-8666-354F0D0CAF09}.Release|x64.ActiveCfg = Release|x64
		{0EE6AC94-4F8F-4DD8-8666-354F0D0CAF09}.Release|x64.Build.0 = Release|x64
		{0EE6AC94-4F8F-4DD8-8666-354F0D0CAF09}.Release|x86.ActiveCfg = Release|Win32
		{0EE6AC94-4F8F-4DD8-8666-354F0D0CAF09}.Release|x86.Build.0 = Release|Win32
		{3C336415-850D-40C9-87E3-2AB57FD8F07C}.Debug|x64.ActiveCfg = Debug|x64
		{3C336415-850D-40C9-87E3-2AB57FD8F07C}.Debug|x64.Build.0 = Debug|x64
		{3C336415-850D-40C9-87E3-2AB57FD8F07C}.Debug|x86.ActiveCfg = Debug|Win32
		{3C336415-850D-40C9-87E3-2AB57FD8F07C}.Debug|x86.Build.0 = Debug|Win32
		{3C336415-850D-40C9-87E3-2AB57FD8F07C}.Release|x64.ActiveCfg = Release|x64
		{3C336415-850D-40C9-87E3-2AB57FD8F07C}.Release|x64.Build.0 = Release|x64
		{3C336415-850D-40C9-87E3-2AB57FD8F07C}.Release|x86.ActiveCfg = Release|Win32
		{3C336415-850D-40C9-87E3-2AB57FD8F07C}.Release|x86.Build.0 = Release|Win32
		{FD25D338-D8B2-480D-927C-46A59C51C258}.Debug|x64.ActiveCfg = Debug|x64
		{FD25D338-D8B2-480D-927C-46A59C51C258}.Debug|x64.Build.0 = Debug|x64
		{FD25D338-D8B2-480D-927C-46A59C51C258}.Debug|x86.ActiveCfg = Debug|Win32
		{FD25D338-D8B2-480D-927C-46A59C51C258}.Debug|x86.Build.0 = Debug|Win32
		{FD25D338-D8B2-480D-927C-46A59C51C258}.Release|x64.ActiveCfg = Release|x64
		{FD25D338-D8B2-480D-927C-46A59C51C258}.Release|x64.Build.0 = Release|x64
		{FD25D338-D8B2-480D-927C-46A59C51C258}.Release|x86.ActiveCfg = Release|Win32
		{FD25D338-D8B2-480D-927C-46A59C51C258}.Release|x86.Build.0 = Release|Win32
		{D9E9B5DA-5E5E-45B7-AD8B-3CD996E56F19}.Debug|x64.ActiveCfg = Debug|x64
		{D9E9B5DA-5E5E-45B7-AD8B-3CD996E56F19}.Debug|x64.Build.0 = Debug|x64
		{D9E9B5DA-5E5E-45B7-AD8B-3CD996E56F19}.Debug|x86.ActiveCfg = Debug|Win32
		{D9E9B5DA-5E5E-45B7-AD8B-3CD996E56F19}.Debug|x86.Build.0 = Debug|Win32
		{D9E9B5DA-5E5E-45B7-AD8B-3CD996E56F19}.Release|x64.ActiveCfg = Release|x64
		{D9E9B5DA-5E5E-45B7-AD8B-3CD996E56F19}.Release|x64.Build.0 = Release|x64
		{D9E9B5DA-5E5E-45B7-AD8B-3CD996E56F19}.Release|x86.ActiveCfg = Release|Win32
		{D9E9B5DA-5E5E-45B7-AD8B-3CD996E56F19}.Release|x86.Build.0 = Release|Win32
		{238F6834-93C5-489A-AAD5-DFF8E5F485EC}.Debug|x64.ActiveCfg = Debug|x64
		{238F6834-93C5-489A-AAD5-DFF8E5F485EC}.Debug|x64.Build.0 = Debug|x64
		{238F6834-93C5-489A-AAD5-DFF8E5F485EC}.Debug|x86.ActiveCfg = Debug|Win32
		{238F6834-93C5-489A-AAD5-DFF8E5F485EC}.Debug|x86.Build.0 = Debug|Win32
		{238F6834-93C5-489A-AAD5-DFF8E5F485EC}.Release|x64.ActiveCfg = Release|x64
		{238F6834-93C5-489A-AAD5-DFF8E5F485EC}.Release|x64.Build.0 = Release|x64
		{238F6834-93C5-489A-AAD5-DFF8E5F485EC}.Release|x86.ActiveCfg = Release|Win32
		{238F6834-93C5-489A-AAD5-DFF8E5F485EC}.Release|x86.Build.0 = Release|Win32
		{5FD5D276-8CDD-40FD-92D0-5F5FEB622BDC}.Debug|x64.ActiveCfg = Debug|x64
		{5FD5D276-8CDD-40FD-92D0-5F5FEB622BDC}.Debug|x64.Build.0 = Debug|x64
		{5FD5D276-8CDD-40FD-92D0-5F5FEB622BDC}.Debug|x86.ActiveCfg = Debug|Win32
		{5FD5D276-8CDD-40FD-92D0-5F5FEB622BDC}.Debug|x86.Build.0 = Debug|Win32
		{5FD5D276-8CDD-40FD-92D0-5F5FEB622BDC}.Release|x64.ActiveCfg = Release|x64
		{5FD5D276-8CDD-40FD-92D0-5F5FEB622BDC}.Release|x64.Build.0 = Release|x64
		{5FD5D276-8CDD-40FD-92D0-5F5FEB622BDC}.Release|x86.ActiveCfg = Release|Win32
		{5FD5D276-8CDD-40FD-92D0-5F5FEB622BDC}.Release|x86.Build.0 = Release|Win32
	EndGlobalSection
	GlobalSection(SolutionProperties) = preSolution
		HideSolutionNode = FALSE
	EndGlobalSection
	GlobalSection(ExtensibilityGlobals) = postSolution
		SolutionGuid = {B6A6F34E-B151-44E7-9DDB-3F6B5647EA0C}
	EndGlobalSection
EndGlobal
